// !$*UTF8*$!
{
	archiveVersion = 1;
	classes = {
	};
	objectVersion = 56;
	objects = {

/* Begin PBXBuildFile section */
		26052FC8292A9998004CF3E6 /* AppDelegate.swift in Sources */ = {isa = PBXBuildFile; fileRef = 26052FC7292A9998004CF3E6 /* AppDelegate.swift */; };
		26052FD1292A9999004CF3E6 /* Assets.xcassets in Resources */ = {isa = PBXBuildFile; fileRef = 26052FD0292A9999004CF3E6 /* Assets.xcassets */; };
		26052FD4292A9999004CF3E6 /* LaunchScreen.storyboard in Resources */ = {isa = PBXBuildFile; fileRef = 26052FD2292A9999004CF3E6 /* LaunchScreen.storyboard */; };
		26052FDE292A9CA2004CF3E6 /* Extension+Codable.swift in Sources */ = {isa = PBXBuildFile; fileRef = 26052FDD292A9CA2004CF3E6 /* Extension+Codable.swift */; };
		26052FE0292A9D03004CF3E6 /* Extension+UIApplication.swift in Sources */ = {isa = PBXBuildFile; fileRef = 26052FDF292A9D03004CF3E6 /* Extension+UIApplication.swift */; };
		26052FE2292A9D32004CF3E6 /* Extension+UIView.swift in Sources */ = {isa = PBXBuildFile; fileRef = 26052FE1292A9D32004CF3E6 /* Extension+UIView.swift */; };
		26052FE4292A9D62004CF3E6 /* Extension+UINavigationController.swift in Sources */ = {isa = PBXBuildFile; fileRef = 26052FE3292A9D62004CF3E6 /* Extension+UINavigationController.swift */; };
		26052FE6292A9D80004CF3E6 /* Extension+UIViewController.swift in Sources */ = {isa = PBXBuildFile; fileRef = 26052FE5292A9D80004CF3E6 /* Extension+UIViewController.swift */; };
		26052FE8292A9DB5004CF3E6 /* Extension+UITableViewCell.swift in Sources */ = {isa = PBXBuildFile; fileRef = 26052FE7292A9DB5004CF3E6 /* Extension+UITableViewCell.swift */; };
		26052FEA292A9DBF004CF3E6 /* Extension+UITableView.swift in Sources */ = {isa = PBXBuildFile; fileRef = 26052FE9292A9DBF004CF3E6 /* Extension+UITableView.swift */; };
		26052FEF292A9E0A004CF3E6 /* Reachability.swift in Sources */ = {isa = PBXBuildFile; fileRef = 26052FEE292A9E0A004CF3E6 /* Reachability.swift */; };
		26052FF1292A9E24004CF3E6 /* HandleError.swift in Sources */ = {isa = PBXBuildFile; fileRef = 26052FF0292A9E24004CF3E6 /* HandleError.swift */; };
		26052FF3292A9E37004CF3E6 /* HTTPMethod.swift in Sources */ = {isa = PBXBuildFile; fileRef = 26052FF2292A9E37004CF3E6 /* HTTPMethod.swift */; };
		26052FF5292A9E43004CF3E6 /* EndPoint.swift in Sources */ = {isa = PBXBuildFile; fileRef = 26052FF4292A9E43004CF3E6 /* EndPoint.swift */; };
		26052FF7292A9FC0004CF3E6 /* IRequest.swift in Sources */ = {isa = PBXBuildFile; fileRef = 26052FF6292A9FC0004CF3E6 /* IRequest.swift */; };
		26052FF9292A9FD1004CF3E6 /* HTTPRequest.swift in Sources */ = {isa = PBXBuildFile; fileRef = 26052FF8292A9FD1004CF3E6 /* HTTPRequest.swift */; };
		26053000292AA320004CF3E6 /* LoginResponse.swift in Sources */ = {isa = PBXBuildFile; fileRef = 26052FFF292AA320004CF3E6 /* LoginResponse.swift */; };
		26053003292AA3B8004CF3E6 /* ErrorResponse.swift in Sources */ = {isa = PBXBuildFile; fileRef = 26053002292AA3B8004CF3E6 /* ErrorResponse.swift */; };
		26053005292AA3DB004CF3E6 /* BaseResponse.swift in Sources */ = {isa = PBXBuildFile; fileRef = 26053004292AA3DB004CF3E6 /* BaseResponse.swift */; };
		26053007292AA5B7004CF3E6 /* LoginModel.swift in Sources */ = {isa = PBXBuildFile; fileRef = 26053006292AA5B7004CF3E6 /* LoginModel.swift */; };
		2605300A292AA5D5004CF3E6 /* LoginView.swift in Sources */ = {isa = PBXBuildFile; fileRef = 26053008292AA5D5004CF3E6 /* LoginView.swift */; };
		2605300B292AA5D5004CF3E6 /* LoginView.xib in Resources */ = {isa = PBXBuildFile; fileRef = 26053009292AA5D5004CF3E6 /* LoginView.xib */; };
		2605300D292AA63D004CF3E6 /* LoginViewModel.swift in Sources */ = {isa = PBXBuildFile; fileRef = 2605300C292AA63D004CF3E6 /* LoginViewModel.swift */; };
		2605300F292AA6DC004CF3E6 /* LoginContract.swift in Sources */ = {isa = PBXBuildFile; fileRef = 2605300E292AA6DC004CF3E6 /* LoginContract.swift */; };
/* End PBXBuildFile section */

/* Begin PBXFileReference section */
		26052FC4292A9998004CF3E6 /* ReqRes.app */ = {isa = PBXFileReference; explicitFileType = wrapper.application; includeInIndex = 0; path = ReqRes.app; sourceTree = BUILT_PRODUCTS_DIR; };
		26052FC7292A9998004CF3E6 /* AppDelegate.swift */ = {isa = PBXFileReference; lastKnownFileType = sourcecode.swift; path = AppDelegate.swift; sourceTree = "<group>"; };
		26052FD0292A9999004CF3E6 /* Assets.xcassets */ = {isa = PBXFileReference; lastKnownFileType = folder.assetcatalog; path = Assets.xcassets; sourceTree = "<group>"; };
		26052FD3292A9999004CF3E6 /* Base */ = {isa = PBXFileReference; lastKnownFileType = file.storyboard; name = Base; path = Base.lproj/LaunchScreen.storyboard; sourceTree = "<group>"; };
		26052FD5292A9999004CF3E6 /* Info.plist */ = {isa = PBXFileReference; lastKnownFileType = text.plist.xml; path = Info.plist; sourceTree = "<group>"; };
		26052FDD292A9CA2004CF3E6 /* Extension+Codable.swift */ = {isa = PBXFileReference; lastKnownFileType = sourcecode.swift; path = "Extension+Codable.swift"; sourceTree = "<group>"; };
		26052FDF292A9D03004CF3E6 /* Extension+UIApplication.swift */ = {isa = PBXFileReference; lastKnownFileType = sourcecode.swift; path = "Extension+UIApplication.swift"; sourceTree = "<group>"; };
		26052FE1292A9D32004CF3E6 /* Extension+UIView.swift */ = {isa = PBXFileReference; lastKnownFileType = sourcecode.swift; path = "Extension+UIView.swift"; sourceTree = "<group>"; };
		26052FE3292A9D62004CF3E6 /* Extension+UINavigationController.swift */ = {isa = PBXFileReference; lastKnownFileType = sourcecode.swift; path = "Extension+UINavigationController.swift"; sourceTree = "<group>"; };
		26052FE5292A9D80004CF3E6 /* Extension+UIViewController.swift */ = {isa = PBXFileReference; lastKnownFileType = sourcecode.swift; path = "Extension+UIViewController.swift"; sourceTree = "<group>"; };
		26052FE7292A9DB5004CF3E6 /* Extension+UITableViewCell.swift */ = {isa = PBXFileReference; lastKnownFileType = sourcecode.swift; path = "Extension+UITableViewCell.swift"; sourceTree = "<group>"; };
		26052FE9292A9DBF004CF3E6 /* Extension+UITableView.swift */ = {isa = PBXFileReference; lastKnownFileType = sourcecode.swift; path = "Extension+UITableView.swift"; sourceTree = "<group>"; };
		26052FEE292A9E0A004CF3E6 /* Reachability.swift */ = {isa = PBXFileReference; lastKnownFileType = sourcecode.swift; path = Reachability.swift; sourceTree = "<group>"; };
		26052FF0292A9E24004CF3E6 /* HandleError.swift */ = {isa = PBXFileReference; lastKnownFileType = sourcecode.swift; path = HandleError.swift; sourceTree = "<group>"; };
		26052FF2292A9E37004CF3E6 /* HTTPMethod.swift */ = {isa = PBXFileReference; lastKnownFileType = sourcecode.swift; path = HTTPMethod.swift; sourceTree = "<group>"; };
		26052FF4292A9E43004CF3E6 /* EndPoint.swift */ = {isa = PBXFileReference; lastKnownFileType = sourcecode.swift; path = EndPoint.swift; sourceTree = "<group>"; };
		26052FF6292A9FC0004CF3E6 /* IRequest.swift */ = {isa = PBXFileReference; lastKnownFileType = sourcecode.swift; path = IRequest.swift; sourceTree = "<group>"; };
		26052FF8292A9FD1004CF3E6 /* HTTPRequest.swift */ = {isa = PBXFileReference; lastKnownFileType = sourcecode.swift; path = HTTPRequest.swift; sourceTree = "<group>"; };
		26052FFF292AA320004CF3E6 /* LoginResponse.swift */ = {isa = PBXFileReference; lastKnownFileType = sourcecode.swift; path = LoginResponse.swift; sourceTree = "<group>"; };
		26053002292AA3B8004CF3E6 /* ErrorResponse.swift */ = {isa = PBXFileReference; lastKnownFileType = sourcecode.swift; path = ErrorResponse.swift; sourceTree = "<group>"; };
		26053004292AA3DB004CF3E6 /* BaseResponse.swift */ = {isa = PBXFileReference; lastKnownFileType = sourcecode.swift; path = BaseResponse.swift; sourceTree = "<group>"; };
		26053006292AA5B7004CF3E6 /* LoginModel.swift */ = {isa = PBXFileReference; lastKnownFileType = sourcecode.swift; path = LoginModel.swift; sourceTree = "<group>"; };
		26053008292AA5D5004CF3E6 /* LoginView.swift */ = {isa = PBXFileReference; lastKnownFileType = sourcecode.swift; path = LoginView.swift; sourceTree = "<group>"; };
		26053009292AA5D5004CF3E6 /* LoginView.xib */ = {isa = PBXFileReference; lastKnownFileType = file.xib; path = LoginView.xib; sourceTree = "<group>"; };
		2605300C292AA63D004CF3E6 /* LoginViewModel.swift */ = {isa = PBXFileReference; lastKnownFileType = sourcecode.swift; path = LoginViewModel.swift; sourceTree = "<group>"; };
		2605300E292AA6DC004CF3E6 /* LoginContract.swift */ = {isa = PBXFileReference; lastKnownFileType = sourcecode.swift; path = LoginContract.swift; sourceTree = "<group>"; };
/* End PBXFileReference section */

/* Begin PBXFrameworksBuildPhase section */
		26052FC1292A9998004CF3E6 /* Frameworks */ = {
			isa = PBXFrameworksBuildPhase;
			buildActionMask = 2147483647;
			files = (
			);
			runOnlyForDeploymentPostprocessing = 0;
		};
/* End PBXFrameworksBuildPhase section */

/* Begin PBXGroup section */
		26052FBB292A9998004CF3E6 = {
			isa = PBXGroup;
			children = (
				26052FC6292A9998004CF3E6 /* ReqRes */,
				26052FC5292A9998004CF3E6 /* Products */,
			);
			sourceTree = "<group>";
		};
		26052FC5292A9998004CF3E6 /* Products */ = {
			isa = PBXGroup;
			children = (
				26052FC4292A9998004CF3E6 /* ReqRes.app */,
			);
			name = Products;
			sourceTree = "<group>";
		};
		26052FC6292A9998004CF3E6 /* ReqRes */ = {
			isa = PBXGroup;
			children = (
				26052FDB292A9BDE004CF3E6 /* Core */,
				26053001292AA3A6004CF3E6 /* Response */,
				26052FFD292AA300004CF3E6 /* Modules */,
				26052FC7292A9998004CF3E6 /* AppDelegate.swift */,
				26052FD0292A9999004CF3E6 /* Assets.xcassets */,
				26052FD2292A9999004CF3E6 /* LaunchScreen.storyboard */,
				26052FD5292A9999004CF3E6 /* Info.plist */,
			);
			path = ReqRes;
			sourceTree = "<group>";
		};
		26052FDB292A9BDE004CF3E6 /* Core */ = {
			isa = PBXGroup;
			children = (
				26052FDC292A9BE4004CF3E6 /* Extensions */,
				26052FEB292A9DF5004CF3E6 /* Networks */,
			);
			path = Core;
			sourceTree = "<group>";
		};
		26052FDC292A9BE4004CF3E6 /* Extensions */ = {
			isa = PBXGroup;
			children = (
				26052FDD292A9CA2004CF3E6 /* Extension+Codable.swift */,
				26052FDF292A9D03004CF3E6 /* Extension+UIApplication.swift */,
				26052FE3292A9D62004CF3E6 /* Extension+UINavigationController.swift */,
				26052FE5292A9D80004CF3E6 /* Extension+UIViewController.swift */,
				26052FE1292A9D32004CF3E6 /* Extension+UIView.swift */,
				26052FE7292A9DB5004CF3E6 /* Extension+UITableViewCell.swift */,
				26052FE9292A9DBF004CF3E6 /* Extension+UITableView.swift */,
			);
			path = Extensions;
			sourceTree = "<group>";
		};
		26052FEB292A9DF5004CF3E6 /* Networks */ = {
			isa = PBXGroup;
			children = (
				26052FEE292A9E0A004CF3E6 /* Reachability.swift */,
				26052FF0292A9E24004CF3E6 /* HandleError.swift */,
				26052FF2292A9E37004CF3E6 /* HTTPMethod.swift */,
				26052FF4292A9E43004CF3E6 /* EndPoint.swift */,
				26052FF6292A9FC0004CF3E6 /* IRequest.swift */,
				26052FF8292A9FD1004CF3E6 /* HTTPRequest.swift */,
			);
			path = Networks;
			sourceTree = "<group>";
		};
		26052FFD292AA300004CF3E6 /* Modules */ = {
			isa = PBXGroup;
			children = (
				26052FFE292AA312004CF3E6 /* Login */,
			);
			path = Modules;
			sourceTree = "<group>";
		};
		26052FFE292AA312004CF3E6 /* Login */ = {
			isa = PBXGroup;
			children = (
				2605300E292AA6DC004CF3E6 /* LoginContract.swift */,
				26053006292AA5B7004CF3E6 /* LoginModel.swift */,
				26053008292AA5D5004CF3E6 /* LoginView.swift */,
				26053009292AA5D5004CF3E6 /* LoginView.xib */,
				2605300C292AA63D004CF3E6 /* LoginViewModel.swift */,
			);
			path = Login;
			sourceTree = "<group>";
		};
		26053001292AA3A6004CF3E6 /* Response */ = {
			isa = PBXGroup;
			children = (
				26053004292AA3DB004CF3E6 /* BaseResponse.swift */,
				26053002292AA3B8004CF3E6 /* ErrorResponse.swift */,
				26052FFF292AA320004CF3E6 /* LoginResponse.swift */,
			);
			path = Response;
			sourceTree = "<group>";
		};
/* End PBXGroup section */

/* Begin PBXNativeTarget section */
		26052FC3292A9998004CF3E6 /* ReqRes */ = {
			isa = PBXNativeTarget;
			buildConfigurationList = 26052FD8292A9999004CF3E6 /* Build configuration list for PBXNativeTarget "ReqRes" */;
			buildPhases = (
				26052FC0292A9998004CF3E6 /* Sources */,
				26052FC1292A9998004CF3E6 /* Frameworks */,
				26052FC2292A9998004CF3E6 /* Resources */,
			);
			buildRules = (
			);
			dependencies = (
			);
			name = ReqRes;
			productName = ReqRes;
			productReference = 26052FC4292A9998004CF3E6 /* ReqRes.app */;
			productType = "com.apple.product-type.application";
		};
/* End PBXNativeTarget section */

/* Begin PBXProject section */
		26052FBC292A9998004CF3E6 /* Project object */ = {
			isa = PBXProject;
			attributes = {
				BuildIndependentTargetsInParallel = 1;
				LastSwiftUpdateCheck = 1400;
				LastUpgradeCheck = 1400;
				TargetAttributes = {
					26052FC3292A9998004CF3E6 = {
						CreatedOnToolsVersion = 14.0.1;
					};
				};
			};
			buildConfigurationList = 26052FBF292A9998004CF3E6 /* Build configuration list for PBXProject "ReqRes" */;
			compatibilityVersion = "Xcode 14.0";
			developmentRegion = en;
			hasScannedForEncodings = 0;
			knownRegions = (
				en,
				Base,
			);
			mainGroup = 26052FBB292A9998004CF3E6;
			productRefGroup = 26052FC5292A9998004CF3E6 /* Products */;
			projectDirPath = "";
			projectRoot = "";
			targets = (
				26052FC3292A9998004CF3E6 /* ReqRes */,
			);
		};
/* End PBXProject section */

/* Begin PBXResourcesBuildPhase section */
		26052FC2292A9998004CF3E6 /* Resources */ = {
			isa = PBXResourcesBuildPhase;
			buildActionMask = 2147483647;
			files = (
				26052FD4292A9999004CF3E6 /* LaunchScreen.storyboard in Resources */,
				26052FD1292A9999004CF3E6 /* Assets.xcassets in Resources */,
				2605300B292AA5D5004CF3E6 /* LoginView.xib in Resources */,
			);
			runOnlyForDeploymentPostprocessing = 0;
		};
/* End PBXResourcesBuildPhase section */

/* Begin PBXSourcesBuildPhase section */
		26052FC0292A9998004CF3E6 /* Sources */ = {
			isa = PBXSourcesBuildPhase;
			buildActionMask = 2147483647;
			files = (
				26052FE4292A9D62004CF3E6 /* Extension+UINavigationController.swift in Sources */,
				26052FF7292A9FC0004CF3E6 /* IRequest.swift in Sources */,
				26052FDE292A9CA2004CF3E6 /* Extension+Codable.swift in Sources */,
				26052FE6292A9D80004CF3E6 /* Extension+UIViewController.swift in Sources */,
				26052FF3292A9E37004CF3E6 /* HTTPMethod.swift in Sources */,
				26052FE8292A9DB5004CF3E6 /* Extension+UITableViewCell.swift in Sources */,
				26052FF1292A9E24004CF3E6 /* HandleError.swift in Sources */,
				26053003292AA3B8004CF3E6 /* ErrorResponse.swift in Sources */,
				2605300D292AA63D004CF3E6 /* LoginViewModel.swift in Sources */,
				26053005292AA3DB004CF3E6 /* BaseResponse.swift in Sources */,
				26052FF5292A9E43004CF3E6 /* EndPoint.swift in Sources */,
				26052FE0292A9D03004CF3E6 /* Extension+UIApplication.swift in Sources */,
				26052FEF292A9E0A004CF3E6 /* Reachability.swift in Sources */,
				2605300F292AA6DC004CF3E6 /* LoginContract.swift in Sources */,
				26053000292AA320004CF3E6 /* LoginResponse.swift in Sources */,
				26053007292AA5B7004CF3E6 /* LoginModel.swift in Sources */,
				26052FE2292A9D32004CF3E6 /* Extension+UIView.swift in Sources */,
				26052FF9292A9FD1004CF3E6 /* HTTPRequest.swift in Sources */,
				2605300A292AA5D5004CF3E6 /* LoginView.swift in Sources */,
				26052FC8292A9998004CF3E6 /* AppDelegate.swift in Sources */,
				26052FEA292A9DBF004CF3E6 /* Extension+UITableView.swift in Sources */,
			);
			runOnlyForDeploymentPostprocessing = 0;
		};
/* End PBXSourcesBuildPhase section */

/* Begin PBXVariantGroup section */
		26052FD2292A9999004CF3E6 /* LaunchScreen.storyboard */ = {
			isa = PBXVariantGroup;
			children = (
				26052FD3292A9999004CF3E6 /* Base */,
			);
			name = LaunchScreen.storyboard;
			sourceTree = "<group>";
		};
/* End PBXVariantGroup section */

/* Begin XCBuildConfiguration section */
		26052FD6292A9999004CF3E6 /* Debug */ = {
			isa = XCBuildConfiguration;
			buildSettings = {
				ALWAYS_SEARCH_USER_PATHS = NO;
				CLANG_ANALYZER_NONNULL = YES;
				CLANG_ANALYZER_NUMBER_OBJECT_CONVERSION = YES_AGGRESSIVE;
				CLANG_CXX_LANGUAGE_STANDARD = "gnu++20";
				CLANG_ENABLE_MODULES = YES;
				CLANG_ENABLE_OBJC_ARC = YES;
				CLANG_ENABLE_OBJC_WEAK = YES;
				CLANG_WARN_BLOCK_CAPTURE_AUTORELEASING = YES;
				CLANG_WARN_BOOL_CONVERSION = YES;
				CLANG_WARN_COMMA = YES;
				CLANG_WARN_CONSTANT_CONVERSION = YES;
				CLANG_WARN_DEPRECATED_OBJC_IMPLEMENTATIONS = YES;
				CLANG_WARN_DIRECT_OBJC_ISA_USAGE = YES_ERROR;
				CLANG_WARN_DOCUMENTATION_COMMENTS = YES;
				CLANG_WARN_EMPTY_BODY = YES;
				CLANG_WARN_ENUM_CONVERSION = YES;
				CLANG_WARN_INFINITE_RECURSION = YES;
				CLANG_WARN_INT_CONVERSION = YES;
				CLANG_WARN_NON_LITERAL_NULL_CONVERSION = YES;
				CLANG_WARN_OBJC_IMPLICIT_RETAIN_SELF = YES;
				CLANG_WARN_OBJC_LITERAL_CONVERSION = YES;
				CLANG_WARN_OBJC_ROOT_CLASS = YES_ERROR;
				CLANG_WARN_QUOTED_INCLUDE_IN_FRAMEWORK_HEADER = YES;
				CLANG_WARN_RANGE_LOOP_ANALYSIS = YES;
				CLANG_WARN_STRICT_PROTOTYPES = YES;
				CLANG_WARN_SUSPICIOUS_MOVE = YES;
				CLANG_WARN_UNGUARDED_AVAILABILITY = YES_AGGRESSIVE;
				CLANG_WARN_UNREACHABLE_CODE = YES;
				CLANG_WARN__DUPLICATE_METHOD_MATCH = YES;
				COPY_PHASE_STRIP = NO;
				DEBUG_INFORMATION_FORMAT = dwarf;
				ENABLE_STRICT_OBJC_MSGSEND = YES;
				ENABLE_TESTABILITY = YES;
				GCC_C_LANGUAGE_STANDARD = gnu11;
				GCC_DYNAMIC_NO_PIC = NO;
				GCC_NO_COMMON_BLOCKS = YES;
				GCC_OPTIMIZATION_LEVEL = 0;
				GCC_PREPROCESSOR_DEFINITIONS = (
					"DEBUG=1",
					"$(inherited)",
				);
				GCC_WARN_64_TO_32_BIT_CONVERSION = YES;
				GCC_WARN_ABOUT_RETURN_TYPE = YES_ERROR;
				GCC_WARN_UNDECLARED_SELECTOR = YES;
				GCC_WARN_UNINITIALIZED_AUTOS = YES_AGGRESSIVE;
				GCC_WARN_UNUSED_FUNCTION = YES;
				GCC_WARN_UNUSED_VARIABLE = YES;
				IPHONEOS_DEPLOYMENT_TARGET = 16.0;
				MTL_ENABLE_DEBUG_INFO = INCLUDE_SOURCE;
				MTL_FAST_MATH = YES;
				ONLY_ACTIVE_ARCH = YES;
				SDKROOT = iphoneos;
				SWIFT_ACTIVE_COMPILATION_CONDITIONS = DEBUG;
				SWIFT_OPTIMIZATION_LEVEL = "-Onone";
			};
			name = Debug;
		};
		26052FD7292A9999004CF3E6 /* Release */ = {
			isa = XCBuildConfiguration;
			buildSettings = {
				ALWAYS_SEARCH_USER_PATHS = NO;
				CLANG_ANALYZER_NONNULL = YES;
				CLANG_ANALYZER_NUMBER_OBJECT_CONVERSION = YES_AGGRESSIVE;
				CLANG_CXX_LANGUAGE_STANDARD = "gnu++20";
				CLANG_ENABLE_MODULES = YES;
				CLANG_ENABLE_OBJC_ARC = YES;
				CLANG_ENABLE_OBJC_WEAK = YES;
				CLANG_WARN_BLOCK_CAPTURE_AUTORELEASING = YES;
				CLANG_WARN_BOOL_CONVERSION = YES;
				CLANG_WARN_COMMA = YES;
				CLANG_WARN_CONSTANT_CONVERSION = YES;
				CLANG_WARN_DEPRECATED_OBJC_IMPLEMENTATIONS = YES;
				CLANG_WARN_DIRECT_OBJC_ISA_USAGE = YES_ERROR;
				CLANG_WARN_DOCUMENTATION_COMMENTS = YES;
				CLANG_WARN_EMPTY_BODY = YES;
				CLANG_WARN_ENUM_CONVERSION = YES;
				CLANG_WARN_INFINITE_RECURSION = YES;
				CLANG_WARN_INT_CONVERSION = YES;
				CLANG_WARN_NON_LITERAL_NULL_CONVERSION = YES;
				CLANG_WARN_OBJC_IMPLICIT_RETAIN_SELF = YES;
				CLANG_WARN_OBJC_LITERAL_CONVERSION = YES;
				CLANG_WARN_OBJC_ROOT_CLASS = YES_ERROR;
				CLANG_WARN_QUOTED_INCLUDE_IN_FRAMEWORK_HEADER = YES;
				CLANG_WARN_RANGE_LOOP_ANALYSIS = YES;
				CLANG_WARN_STRICT_PROTOTYPES = YES;
				CLANG_WARN_SUSPICIOUS_MOVE = YES;
				CLANG_WARN_UNGUARDED_AVAILABILITY = YES_AGGRESSIVE;
				CLANG_WARN_UNREACHABLE_CODE = YES;
				CLANG_WARN__DUPLICATE_METHOD_MATCH = YES;
				COPY_PHASE_STRIP = NO;
				DEBUG_INFORMATION_FORMAT = "dwarf-with-dsym";
				ENABLE_NS_ASSERTIONS = NO;
				ENABLE_STRICT_OBJC_MSGSEND = YES;
				GCC_C_LANGUAGE_STANDARD = gnu11;
				GCC_NO_COMMON_BLOCKS = YES;
				GCC_WARN_64_TO_32_BIT_CONVERSION = YES;
				GCC_WARN_ABOUT_RETURN_TYPE = YES_ERROR;
				GCC_WARN_UNDECLARED_SELECTOR = YES;
				GCC_WARN_UNINITIALIZED_AUTOS = YES_AGGRESSIVE;
				GCC_WARN_UNUSED_FUNCTION = YES;
				GCC_WARN_UNUSED_VARIABLE = YES;
				IPHONEOS_DEPLOYMENT_TARGET = 16.0;
				MTL_ENABLE_DEBUG_INFO = NO;
				MTL_FAST_MATH = YES;
				SDKROOT = iphoneos;
				SWIFT_COMPILATION_MODE = wholemodule;
				SWIFT_OPTIMIZATION_LEVEL = "-O";
				VALIDATE_PRODUCT = YES;
			};
			name = Release;
		};
		26052FD9292A9999004CF3E6 /* Debug */ = {
			isa = XCBuildConfiguration;
			buildSettings = {
				ASSETCATALOG_COMPILER_APPICON_NAME = AppIcon;
				ASSETCATALOG_COMPILER_GLOBAL_ACCENT_COLOR_NAME = AccentColor;
				CODE_SIGN_STYLE = Automatic;
				CURRENT_PROJECT_VERSION = 1;
				DEVELOPMENT_TEAM = 6MERJ8ZW37;
				GENERATE_INFOPLIST_FILE = YES;
				INFOPLIST_FILE = ReqRes/Info.plist;
				INFOPLIST_KEY_UIApplicationSupportsIndirectInputEvents = YES;
				INFOPLIST_KEY_UILaunchStoryboardName = LaunchScreen;
				INFOPLIST_KEY_UISupportedInterfaceOrientations_iPad = "UIInterfaceOrientationPortrait UIInterfaceOrientationPortraitUpsideDown UIInterfaceOrientationLandscapeLeft UIInterfaceOrientationLandscapeRight";
				INFOPLIST_KEY_UISupportedInterfaceOrientations_iPhone = "UIInterfaceOrientationPortrait UIInterfaceOrientationLandscapeLeft UIInterfaceOrientationLandscapeRight";
				LD_RUNPATH_SEARCH_PATHS = (
					"$(inherited)",
					"@executable_path/Frameworks",
				);
				MARKETING_VERSION = 1.0;
				PRODUCT_BUNDLE_IDENTIFIER = com.ReqRes;
				PRODUCT_NAME = "$(TARGET_NAME)";
				SWIFT_EMIT_LOC_STRINGS = YES;
				SWIFT_VERSION = 5.0;
				TARGETED_DEVICE_FAMILY = "1,2";
			};
			name = Debug;
		};
		26052FDA292A9999004CF3E6 /* Release */ = {
			isa = XCBuildConfiguration;
			buildSettings = {
				ASSETCATALOG_COMPILER_APPICON_NAME = AppIcon;
				ASSETCATALOG_COMPILER_GLOBAL_ACCENT_COLOR_NAME = AccentColor;
				CODE_SIGN_STYLE = Automatic;
				CURRENT_PROJECT_VERSION = 1;
				DEVELOPMENT_TEAM = 6MERJ8ZW37;
				GENERATE_INFOPLIST_FILE = YES;
				INFOPLIST_FILE = ReqRes/Info.plist;
				INFOPLIST_KEY_UIApplicationSupportsIndirectInputEvents = YES;
				INFOPLIST_KEY_UILaunchStoryboardName = LaunchScreen;
				INFOPLIST_KEY_UISupportedInterfaceOrientations_iPad = "UIInterfaceOrientationPortrait UIInterfaceOrientationPortraitUpsideDown UIInterfaceOrientationLandscapeLeft UIInterfaceOrientationLandscapeRight";
				INFOPLIST_KEY_UISupportedInterfaceOrientations_iPhone = "UIInterfaceOrientationPortrait UIInterfaceOrientationLandscapeLeft UIInterfaceOrientationLandscapeRight";
				LD_RUNPATH_SEARCH_PATHS = (
					"$(inherited)",
					"@executable_path/Frameworks",
				);
				MARKETING_VERSION = 1.0;
				PRODUCT_BUNDLE_IDENTIFIER = com.ReqRes;
				PRODUCT_NAME = "$(TARGET_NAME)";
				SWIFT_EMIT_LOC_STRINGS = YES;
				SWIFT_VERSION = 5.0;
				TARGETED_DEVICE_FAMILY = "1,2";
			};
			name = Release;
		};
/* End XCBuildConfiguration section */

/* Begin XCConfigurationList section */
		26052FBF292A9998004CF3E6 /* Build configuration list for PBXProject "ReqRes" */ = {
			isa = XCConfigurationList;
			buildConfigurations = (
				26052FD6292A9999004CF3E6 /* Debug */,
				26052FD7292A9999004CF3E6 /* Release */,
			);
			defaultConfigurationIsVisible = 0;
			defaultConfigurationName = Release;
		};
		26052FD8292A9999004CF3E6 /* Build configuration list for PBXNativeTarget "ReqRes" */ = {
			isa = XCConfigurationList;
			buildConfigurations = (
				26052FD9292A9999004CF3E6 /* Debug */,
				26052FDA292A9999004CF3E6 /* Release */,
			);
			defaultConfigurationIsVisible = 0;
			defaultConfigurationName = Release;
		};
/* End XCConfigurationList section */
	};
	rootObject = 26052FBC292A9998004CF3E6 /* Project object */;
}
